
Microsoft Visual Studio Solution File, Format Version 12.00
# Visual Studio Version 16
VisualStudioVersion = 16.0.32802.440
MinimumVisualStudioVersion = 10.0.40219.1
Project("{FAE04EC0-301F-11D3-BF4B-00C04F79EFBC}") = "Project file Assignment 2", "Project file Assignment 2\Project file Assignment 2.csproj", "{803A1578-D9F6-4133-A6A7-47D73E131C39}"
EndProject
Global
	GlobalSection(SolutionConfigurationPlatforms) = preSolution
		Debug|Any CPU = Debug|Any CPU
		Release|Any CPU = Release|Any CPU
	EndGlobalSection
	GlobalSection(ProjectConfigurationPlatforms) = postSolution
		{803A1578-D9F6-4133-A6A7-47D73E131C39}.Debug|Any CPU.ActiveCfg = Debug|Any CPU
		{803A1578-D9F6-4133-A6A7-47D73E131C39}.Debug|Any CPU.Build.0 = Debug|Any CPU
		{803A1578-D9F6-4133-A6A7-47D73E131C39}.Release|Any CPU.ActiveCfg = Release|Any CPU
		{803A1578-D9F6-4133-A6A7-47D73E131C39}.Release|Any CPU.Build.0 = Release|Any CPU
	EndGlobalSection
	GlobalSection(SolutionProperties) = preSolution
		HideSolutionNode = FALSE
	EndGlobalSection
	GlobalSection(ExtensibilityGlobals) = postSolution
		SolutionGuid = {F58E4454-C633-40EF-BDDD-BD6F696B39C3}
	EndGlobalSection
EndGlobal
